{
  "nodes": {
    "crane": {
      "locked": {
        "lastModified": 1757183466,
        "narHash": "sha256-kTdCCMuRE+/HNHES5JYsbRHmgtr+l9mOtf5dpcMppVc=",
        "owner": "ipetkov",
        "repo": "crane",
        "rev": "d599ae4847e7f87603e7082d73ca673aa93c916d",
        "type": "github"
      },
      "original": {
        "owner": "ipetkov",
        "repo": "crane",
        "type": "github"
      }
    },
    "nixpkgs": {
      "locked": {
        "lastModified": 1757347588,
        "narHash": "sha256-tLdkkC6XnsY9EOZW9TlpesTclELy8W7lL2ClL+nma8o=",
        "owner": "NixOS",
        "repo": "nixpkgs",
        "rev": "b599843bad24621dcaa5ab60dac98f9b0eb1cabe",
        "type": "github"
      },
      "original": {
        "id": "nixpkgs",
        "ref": "nixos-unstable",
        "type": "indirect"
      }
    },
    "root": {
      "inputs": {
        "crane": "crane",
        "nixpkgs": "nixpkgs"
      }
    }
  },
  "root": "root",
  "version": 7
}
